
Microsoft Visual Studio Solution File, Format Version 12.00
# Visual Studio 15
VisualStudioVersion = 15.0.27428.2005
MinimumVisualStudioVersion = 10.0.40219.1
Project("{FAE04EC0-301F-11D3-BF4B-00C04F79EFBC}") = "OrpSkuViewer.View", "OrpSkuViewer.View\OrpSkuViewer.View.csproj", "{CC6A05A7-D98B-4396-B335-23FB6136D25C}"
EndProject
Project("{2150E333-8FDC-42A3-9474-1A3956D46DE8}") = "ApplicationView", "ApplicationView", "{291B4060-B8D3-4D2A-88A3-C9F839C3B096}"
EndProject
Project("{2150E333-8FDC-42A3-9474-1A3956D46DE8}") = "Presentation", "Presentation", "{D343B147-BB13-4D5E-A803-E192756494A1}"
EndProject
Project("{FAE04EC0-301F-11D3-BF4B-00C04F79EFBC}") = "OrpSkuViewer.Presentation", "OrpSkuViewer.Presentation\OrpSkuViewer.Presentation.csproj", "{4A2152C9-406F-475C-98FA-9BF308F6DB2E}"
EndProject
Project("{2150E333-8FDC-42A3-9474-1A3956D46DE8}") = "Repositories", "Repositories", "{7CC35B72-7759-4ED8-AAB2-6E851F03644C}"
EndProject
Project("{FAE04EC0-301F-11D3-BF4B-00C04F79EFBC}") = "OrpSkuRepository.Interface", "OrpSkuRepository.Interface\OrpSkuRepository.Interface.csproj", "{3ECE3832-B7A1-4CB0-8BCE-1DE11F51FDA1}"
EndProject
Project("{FAE04EC0-301F-11D3-BF4B-00C04F79EFBC}") = "OrpSkuRepository.Local", "OrpSkuRepository.Local\OrpSkuRepository.Local.csproj", "{2FB624CE-D96C-425B-9789-8536356D4C98}"
EndProject
Project("{2150E333-8FDC-42A3-9474-1A3956D46DE8}") = "Shared", "Shared", "{15855BB1-6517-4A64-9B9B-48755DA1245C}"
EndProject
Project("{FAE04EC0-301F-11D3-BF4B-00C04F79EFBC}") = "OrpSkuViewer.SharedObjects", "OrpSkuViewer.SharedObjects\OrpSkuViewer.SharedObjects.csproj", "{FFAD2A41-C72C-439E-B2AA-604D5A873155}"
EndProject
Project("{FAE04EC0-301F-11D3-BF4B-00C04F79EFBC}") = "OrpSkuRepository.Sql", "OrpSkuRepository.Sql\OrpSkuRepository.Sql.csproj", "{1EE80658-96DB-4A5C-A01A-A2CDB3EF2949}"
EndProject
Global
	GlobalSection(SolutionConfigurationPlatforms) = preSolution
		Debug|Any CPU = Debug|Any CPU
		Release|Any CPU = Release|Any CPU
	EndGlobalSection
	GlobalSection(ProjectConfigurationPlatforms) = postSolution
		{CC6A05A7-D98B-4396-B335-23FB6136D25C}.Debug|Any CPU.ActiveCfg = Debug|Any CPU
		{CC6A05A7-D98B-4396-B335-23FB6136D25C}.Debug|Any CPU.Build.0 = Debug|Any CPU
		{CC6A05A7-D98B-4396-B335-23FB6136D25C}.Release|Any CPU.ActiveCfg = Release|Any CPU
		{CC6A05A7-D98B-4396-B335-23FB6136D25C}.Release|Any CPU.Build.0 = Release|Any CPU
		{4A2152C9-406F-475C-98FA-9BF308F6DB2E}.Debug|Any CPU.ActiveCfg = Debug|Any CPU
		{4A2152C9-406F-475C-98FA-9BF308F6DB2E}.Debug|Any CPU.Build.0 = Debug|Any CPU
		{4A2152C9-406F-475C-98FA-9BF308F6DB2E}.Release|Any CPU.ActiveCfg = Release|Any CPU
		{4A2152C9-406F-475C-98FA-9BF308F6DB2E}.Release|Any CPU.Build.0 = Release|Any CPU
		{3ECE3832-B7A1-4CB0-8BCE-1DE11F51FDA1}.Debug|Any CPU.ActiveCfg = Debug|Any CPU
		{3ECE3832-B7A1-4CB0-8BCE-1DE11F51FDA1}.Debug|Any CPU.Build.0 = Debug|Any CPU
		{3ECE3832-B7A1-4CB0-8BCE-1DE11F51FDA1}.Release|Any CPU.ActiveCfg = Release|Any CPU
		{3ECE3832-B7A1-4CB0-8BCE-1DE11F51FDA1}.Release|Any CPU.Build.0 = Release|Any CPU
		{2FB624CE-D96C-425B-9789-8536356D4C98}.Debug|Any CPU.ActiveCfg = Debug|Any CPU
		{2FB624CE-D96C-425B-9789-8536356D4C98}.Debug|Any CPU.Build.0 = Debug|Any CPU
		{2FB624CE-D96C-425B-9789-8536356D4C98}.Release|Any CPU.ActiveCfg = Release|Any CPU
		{2FB624CE-D96C-425B-9789-8536356D4C98}.Release|Any CPU.Build.0 = Release|Any CPU
		{FFAD2A41-C72C-439E-B2AA-604D5A873155}.Debug|Any CPU.ActiveCfg = Debug|Any CPU
		{FFAD2A41-C72C-439E-B2AA-604D5A873155}.Debug|Any CPU.Build.0 = Debug|Any CPU
		{FFAD2A41-C72C-439E-B2AA-604D5A873155}.Release|Any CPU.ActiveCfg = Release|Any CPU
		{FFAD2A41-C72C-439E-B2AA-604D5A873155}.Release|Any CPU.Build.0 = Release|Any CPU
		{1EE80658-96DB-4A5C-A01A-A2CDB3EF2949}.Debug|Any CPU.ActiveCfg = Debug|Any CPU
		{1EE80658-96DB-4A5C-A01A-A2CDB3EF2949}.Debug|Any CPU.Build.0 = Debug|Any CPU
		{1EE80658-96DB-4A5C-A01A-A2CDB3EF2949}.Release|Any CPU.ActiveCfg = Release|Any CPU
		{1EE80658-96DB-4A5C-A01A-A2CDB3EF2949}.Release|Any CPU.Build.0 = Release|Any CPU
	EndGlobalSection
	GlobalSection(SolutionProperties) = preSolution
		HideSolutionNode = FALSE
	EndGlobalSection
	GlobalSection(NestedProjects) = preSolution
		{CC6A05A7-D98B-4396-B335-23FB6136D25C} = {291B4060-B8D3-4D2A-88A3-C9F839C3B096}
		{4A2152C9-406F-475C-98FA-9BF308F6DB2E} = {D343B147-BB13-4D5E-A803-E192756494A1}
		{3ECE3832-B7A1-4CB0-8BCE-1DE11F51FDA1} = {7CC35B72-7759-4ED8-AAB2-6E851F03644C}
		{2FB624CE-D96C-425B-9789-8536356D4C98} = {7CC35B72-7759-4ED8-AAB2-6E851F03644C}
		{FFAD2A41-C72C-439E-B2AA-604D5A873155} = {15855BB1-6517-4A64-9B9B-48755DA1245C}
		{1EE80658-96DB-4A5C-A01A-A2CDB3EF2949} = {7CC35B72-7759-4ED8-AAB2-6E851F03644C}
	EndGlobalSection
	GlobalSection(ExtensibilityGlobals) = postSolution
		SolutionGuid = {662CAFAE-02BC-41AA-AC25-86B0E080684F}
	EndGlobalSection
EndGlobal
